
Microsoft Visual Studio Solution File, Format Version 12.00
# Visual Studio Version 17
VisualStudioVersion = 17.10.35027.167
MinimumVisualStudioVersion = 10.0.40219.1
Project("{8BC9CEB8-8B4A-11D0-8D11-00A0C91BC942}") = "Project90", "Project90.vcxproj", "{F3636FC6-181D-40F7-AA65-87DEA298B690}"
EndProject
Global
	GlobalSection(SolutionConfigurationPlatforms) = preSolution
		Debug|x64 = Debug|x64
		Debug|x86 = Debug|x86
		Release|x64 = Release|x64
		Release|x86 = Release|x86
	EndGlobalSection
	GlobalSection(ProjectConfigurationPlatforms) = postSolution
		{F3636FC6-181D-40F7-AA65-87DEA298B690}.Debug|x64.ActiveCfg = Debug|x64
		{F3636FC6-181D-40F7-AA65-87DEA298B690}.Debug|x64.Build.0 = Debug|x64
		{F3636FC6-181D-40F7-AA65-87DEA298B690}.Debug|x86.ActiveCfg = Debug|Win32
		{F3636FC6-181D-40F7-AA65-87DEA298B690}.Debug|x86.Build.0 = Debug|Win32
		{F3636FC6-181D-40F7-AA65-87DEA298B690}.Release|x64.ActiveCfg = Release|x64
		{F3636FC6-181D-40F7-AA65-87DEA298B690}.Release|x64.Build.0 = Release|x64
		{F3636FC6-181D-40F7-AA65-87DEA298B690}.Release|x86.ActiveCfg = Release|Win32
		{F3636FC6-181D-40F7-AA65-87DEA298B690}.Release|x86.Build.0 = Release|Win32
	EndGlobalSection
	GlobalSection(SolutionProperties) = preSolution
		HideSolutionNode = FALSE
	EndGlobalSection
	GlobalSection(ExtensibilityGlobals) = postSolution
		SolutionGuid = {5B0820C7-9891-4331-847F-C79EB4B12AD0}
	EndGlobalSection
EndGlobal
