
Microsoft Visual Studio Solution File, Format Version 12.00
# Visual Studio Version 17
VisualStudioVersion = 17.10.35027.167
MinimumVisualStudioVersion = 10.0.40219.1
Project("{8BC9CEB8-8B4A-11D0-8D11-00A0C91BC942}") = "Project105", "Project105.vcxproj", "{BD2AFC3A-1F6B-4DB9-BFCB-36C415E87697}"
EndProject
Global
	GlobalSection(SolutionConfigurationPlatforms) = preSolution
		Debug|x64 = Debug|x64
		Debug|x86 = Debug|x86
		Release|x64 = Release|x64
		Release|x86 = Release|x86
	EndGlobalSection
	GlobalSection(ProjectConfigurationPlatforms) = postSolution
		{BD2AFC3A-1F6B-4DB9-BFCB-36C415E87697}.Debug|x64.ActiveCfg = Debug|x64
		{BD2AFC3A-1F6B-4DB9-BFCB-36C415E87697}.Debug|x64.Build.0 = Debug|x64
		{BD2AFC3A-1F6B-4DB9-BFCB-36C415E87697}.Debug|x86.ActiveCfg = Debug|Win32
		{BD2AFC3A-1F6B-4DB9-BFCB-36C415E87697}.Debug|x86.Build.0 = Debug|Win32
		{BD2AFC3A-1F6B-4DB9-BFCB-36C415E87697}.Release|x64.ActiveCfg = Release|x64
		{BD2AFC3A-1F6B-4DB9-BFCB-36C415E87697}.Release|x64.Build.0 = Release|x64
		{BD2AFC3A-1F6B-4DB9-BFCB-36C415E87697}.Release|x86.ActiveCfg = Release|Win32
		{BD2AFC3A-1F6B-4DB9-BFCB-36C415E87697}.Release|x86.Build.0 = Release|Win32
	EndGlobalSection
	GlobalSection(SolutionProperties) = preSolution
		HideSolutionNode = FALSE
	EndGlobalSection
	GlobalSection(ExtensibilityGlobals) = postSolution
		SolutionGuid = {3964571A-12B3-4EF8-84E0-5D88C8D728A8}
	EndGlobalSection
EndGlobal
