
Microsoft Visual Studio Solution File, Format Version 12.00
# Visual Studio Version 17
VisualStudioVersion = 17.10.35027.167
MinimumVisualStudioVersion = 10.0.40219.1
Project("{8BC9CEB8-8B4A-11D0-8D11-00A0C91BC942}") = "Project129", "Project129.vcxproj", "{AF87A25A-52B8-48D3-AD3A-93A24882E34E}"
EndProject
Global
	GlobalSection(SolutionConfigurationPlatforms) = preSolution
		Debug|x64 = Debug|x64
		Debug|x86 = Debug|x86
		Release|x64 = Release|x64
		Release|x86 = Release|x86
	EndGlobalSection
	GlobalSection(ProjectConfigurationPlatforms) = postSolution
		{AF87A25A-52B8-48D3-AD3A-93A24882E34E}.Debug|x64.ActiveCfg = Debug|x64
		{AF87A25A-52B8-48D3-AD3A-93A24882E34E}.Debug|x64.Build.0 = Debug|x64
		{AF87A25A-52B8-48D3-AD3A-93A24882E34E}.Debug|x86.ActiveCfg = Debug|Win32
		{AF87A25A-52B8-48D3-AD3A-93A24882E34E}.Debug|x86.Build.0 = Debug|Win32
		{AF87A25A-52B8-48D3-AD3A-93A24882E34E}.Release|x64.ActiveCfg = Release|x64
		{AF87A25A-52B8-48D3-AD3A-93A24882E34E}.Release|x64.Build.0 = Release|x64
		{AF87A25A-52B8-48D3-AD3A-93A24882E34E}.Release|x86.ActiveCfg = Release|Win32
		{AF87A25A-52B8-48D3-AD3A-93A24882E34E}.Release|x86.Build.0 = Release|Win32
	EndGlobalSection
	GlobalSection(SolutionProperties) = preSolution
		HideSolutionNode = FALSE
	EndGlobalSection
	GlobalSection(ExtensibilityGlobals) = postSolution
		SolutionGuid = {CE3D1996-5C22-4CFE-AB13-F6C4F7823C67}
	EndGlobalSection
EndGlobal
